
Microsoft Visual Studio Solution File, Format Version 12.00
# Visual Studio Version 16
VisualStudioVersion = 16.0.29409.12
MinimumVisualStudioVersion = 10.0.40219.1
Project("{FAE04EC0-301F-11D3-BF4B-00C04F79EFBC}") = "1", "1\1.csproj", "{3E241B06-5C1F-47F3-B371-B526E3136AB7}"
EndProject
Global
	GlobalSection(SolutionConfigurationPlatforms) = preSolution
		Debug|Any CPU = Debug|Any CPU
		Release|Any CPU = Release|Any CPU
	EndGlobalSection
	GlobalSection(ProjectConfigurationPlatforms) = postSolution
		{3E241B06-5C1F-47F3-B371-B526E3136AB7}.Debug|Any CPU.ActiveCfg = Debug|Any CPU
		{3E241B06-5C1F-47F3-B371-B526E3136AB7}.Debug|Any CPU.Build.0 = Debug|Any CPU
		{3E241B06-5C1F-47F3-B371-B526E3136AB7}.Release|Any CPU.ActiveCfg = Release|Any CPU
		{3E241B06-5C1F-47F3-B371-B526E3136AB7}.Release|Any CPU.Build.0 = Release|Any CPU
	EndGlobalSection
	GlobalSection(SolutionProperties) = preSolution
		HideSolutionNode = FALSE
	EndGlobalSection
	GlobalSection(ExtensibilityGlobals) = postSolution
		SolutionGuid = {AC790014-DB03-4CB8-87BC-05AA827C9322}
	EndGlobalSection
EndGlobal
